// !$*UTF8*$!
{
	archiveVersion = 1;
	classes = {
	};
	objectVersion = 50;
	objects = {

/* Begin PBXBuildFile section */
		0437177221FE1B6B00693ABC /* BlockCommandManager.m in Sources */ = {isa = PBXBuildFile; fileRef = 0437177121FE1B6B00693ABC /* BlockCommandManager.m */; };
		0437177621FE1BF900693ABC /* QueueCommandManager.m in Sources */ = {isa = PBXBuildFile; fileRef = 0437177521FE1BF900693ABC /* QueueCommandManager.m */; };
		049DFB7F21E66CFB00C2546E /* AppDelegate.m in Sources */ = {isa = PBXBuildFile; fileRef = 049DFB7E21E66CFB00C2546E /* AppDelegate.m */; };
		049DFB8221E66CFB00C2546E /* ViewController.m in Sources */ = {isa = PBXBuildFile; fileRef = 049DFB8121E66CFB00C2546E /* ViewController.m */; };
		049DFB8521E66CFB00C2546E /* Main.storyboard in Resources */ = {isa = PBXBuildFile; fileRef = 049DFB8321E66CFB00C2546E /* Main.storyboard */; };
		049DFB8721E66CFC00C2546E /* Assets.xcassets in Resources */ = {isa = PBXBuildFile; fileRef = 049DFB8621E66CFC00C2546E /* Assets.xcassets */; };
		049DFB8A21E66CFC00C2546E /* LaunchScreen.storyboard in Resources */ = {isa = PBXBuildFile; fileRef = 049DFB8821E66CFC00C2546E /* LaunchScreen.storyboard */; };
		049DFB8D21E66CFC00C2546E /* main.m in Sources */ = {isa = PBXBuildFile; fileRef = 049DFB8C21E66CFC00C2546E /* main.m */; };
		049DFB9721E66CFC00C2546E /* CommandPatternTests.m in Sources */ = {isa = PBXBuildFile; fileRef = 049DFB9621E66CFC00C2546E /* CommandPatternTests.m */; };
		049DFBA221E66CFC00C2546E /* CommandPatternUITests.m in Sources */ = {isa = PBXBuildFile; fileRef = 049DFBA121E66CFC00C2546E /* CommandPatternUITests.m */; };
		049DFBB321E9CA7100C2546E /* Receiver.m in Sources */ = {isa = PBXBuildFile; fileRef = 049DFBB221E9CA7100C2546E /* Receiver.m */; };
		049DFBBA21E9CCE400C2546E /* ConcreteCommand.m in Sources */ = {isa = PBXBuildFile; fileRef = 049DFBB921E9CCE400C2546E /* ConcreteCommand.m */; };
		049DFBBD21E9CE1700C2546E /* Invoker.m in Sources */ = {isa = PBXBuildFile; fileRef = 049DFBBC21E9CE1700C2546E /* Invoker.m */; };
		049DFBC121EA2F4100C2546E /* TetrisMachine.m in Sources */ = {isa = PBXBuildFile; fileRef = 049DFBC021EA2F4100C2546E /* TetrisMachine.m */; };
		049DFBC521EB9A4F00C2546E /* TetrisMachineManager.m in Sources */ = {isa = PBXBuildFile; fileRef = 049DFBC421EB9A4F00C2546E /* TetrisMachineManager.m */; };
		049DFBC821EB9A6900C2546E /* TMToLeftCommand.m in Sources */ = {isa = PBXBuildFile; fileRef = 049DFBC721EB9A6900C2546E /* TMToLeftCommand.m */; };
		049DFBCB21EB9A7500C2546E /* TMToRightCommand.m in Sources */ = {isa = PBXBuildFile; fileRef = 049DFBCA21EB9A7500C2546E /* TMToRightCommand.m */; };
		049DFBCE21EB9A8600C2546E /* TMToTransformCommand.m in Sources */ = {isa = PBXBuildFile; fileRef = 049DFBCD21EB9A8600C2546E /* TMToTransformCommand.m */; };
		04A8276F21F0D25600999EA7 /* DynamicCommand.m in Sources */ = {isa = PBXBuildFile; fileRef = 04A8276E21F0D25600999EA7 /* DynamicCommand.m */; };
		04A8277221F0EA8C00999EA7 /* DynamicCommandManager.m in Sources */ = {isa = PBXBuildFile; fileRef = 04A8277121F0EA8C00999EA7 /* DynamicCommandManager.m */; };
		04A8277621F4DF9F00999EA7 /* GenericsCommand.m in Sources */ = {isa = PBXBuildFile; fileRef = 04A8277521F4DF9F00999EA7 /* GenericsCommand.m */; };
		04A8277921F4E1F600999EA7 /* GenericsCommandManager.m in Sources */ = {isa = PBXBuildFile; fileRef = 04A8277821F4E1F600999EA7 /* GenericsCommandManager.m */; };
		04A8277D21F62A6200999EA7 /* CompoundCommand.m in Sources */ = {isa = PBXBuildFile; fileRef = 04A8277C21F62A6200999EA7 /* CompoundCommand.m */; };
		04A8278021F62B6400999EA7 /* CompoundCommandManager.m in Sources */ = {isa = PBXBuildFile; fileRef = 04A8277F21F62B6400999EA7 /* CompoundCommandManager.m */; };
/* End PBXBuildFile section */

/* Begin PBXContainerItemProxy section */
		049DFB9321E66CFC00C2546E /* PBXContainerItemProxy */ = {
			isa = PBXContainerItemProxy;
			containerPortal = 049DFB7221E66CFB00C2546E /* Project object */;
			proxyType = 1;
			remoteGlobalIDString = 049DFB7921E66CFB00C2546E;
			remoteInfo = CommandPattern;
		};
		049DFB9E21E66CFC00C2546E /* PBXContainerItemProxy */ = {
			isa = PBXContainerItemProxy;
			containerPortal = 049DFB7221E66CFB00C2546E /* Project object */;
			proxyType = 1;
			remoteGlobalIDString = 049DFB7921E66CFB00C2546E;
			remoteInfo = CommandPattern;
		};
/* End PBXContainerItemProxy section */

/* Begin PBXFileReference section */
		0437177021FE1B6B00693ABC /* BlockCommandManager.h */ = {isa = PBXFileReference; lastKnownFileType = sourcecode.c.h; path = BlockCommandManager.h; sourceTree = "<group>"; };
		0437177121FE1B6B00693ABC /* BlockCommandManager.m */ = {isa = PBXFileReference; lastKnownFileType = sourcecode.c.objc; path = BlockCommandManager.m; sourceTree = "<group>"; };
		0437177421FE1BF900693ABC /* QueueCommandManager.h */ = {isa = PBXFileReference; lastKnownFileType = sourcecode.c.h; path = QueueCommandManager.h; sourceTree = "<group>"; };
		0437177521FE1BF900693ABC /* QueueCommandManager.m */ = {isa = PBXFileReference; lastKnownFileType = sourcecode.c.objc; path = QueueCommandManager.m; sourceTree = "<group>"; };
		049DFB7A21E66CFB00C2546E /* CommandPattern.app */ = {isa = PBXFileReference; explicitFileType = wrapper.application; includeInIndex = 0; path = CommandPattern.app; sourceTree = BUILT_PRODUCTS_DIR; };
		049DFB7D21E66CFB00C2546E /* AppDelegate.h */ = {isa = PBXFileReference; lastKnownFileType = sourcecode.c.h; path = AppDelegate.h; sourceTree = "<group>"; };
		049DFB7E21E66CFB00C2546E /* AppDelegate.m */ = {isa = PBXFileReference; lastKnownFileType = sourcecode.c.objc; path = AppDelegate.m; sourceTree = "<group>"; };
		049DFB8021E66CFB00C2546E /* ViewController.h */ = {isa = PBXFileReference; lastKnownFileType = sourcecode.c.h; path = ViewController.h; sourceTree = "<group>"; };
		049DFB8121E66CFB00C2546E /* ViewController.m */ = {isa = PBXFileReference; lastKnownFileType = sourcecode.c.objc; path = ViewController.m; sourceTree = "<group>"; };
		049DFB8421E66CFB00C2546E /* Base */ = {isa = PBXFileReference; lastKnownFileType = file.storyboard; name = Base; path = Base.lproj/Main.storyboard; sourceTree = "<group>"; };
		049DFB8621E66CFC00C2546E /* Assets.xcassets */ = {isa = PBXFileReference; lastKnownFileType = folder.assetcatalog; path = Assets.xcassets; sourceTree = "<group>"; };
		049DFB8921E66CFC00C2546E /* Base */ = {isa = PBXFileReference; lastKnownFileType = file.storyboard; name = Base; path = Base.lproj/LaunchScreen.storyboard; sourceTree = "<group>"; };
		049DFB8B21E66CFC00C2546E /* Info.plist */ = {isa = PBXFileReference; lastKnownFileType = text.plist.xml; path = Info.plist; sourceTree = "<group>"; };
		049DFB8C21E66CFC00C2546E /* main.m */ = {isa = PBXFileReference; lastKnownFileType = sourcecode.c.objc; path = main.m; sourceTree = "<group>"; };
		049DFB9221E66CFC00C2546E /* CommandPatternTests.xctest */ = {isa = PBXFileReference; explicitFileType = wrapper.cfbundle; includeInIndex = 0; path = CommandPatternTests.xctest; sourceTree = BUILT_PRODUCTS_DIR; };
		049DFB9621E66CFC00C2546E /* CommandPatternTests.m */ = {isa = PBXFileReference; lastKnownFileType = sourcecode.c.objc; path = CommandPatternTests.m; sourceTree = "<group>"; };
		049DFB9821E66CFC00C2546E /* Info.plist */ = {isa = PBXFileReference; lastKnownFileType = text.plist.xml; path = Info.plist; sourceTree = "<group>"; };
		049DFB9D21E66CFC00C2546E /* CommandPatternUITests.xctest */ = {isa = PBXFileReference; explicitFileType = wrapper.cfbundle; includeInIndex = 0; path = CommandPatternUITests.xctest; sourceTree = BUILT_PRODUCTS_DIR; };
		049DFBA121E66CFC00C2546E /* CommandPatternUITests.m */ = {isa = PBXFileReference; lastKnownFileType = sourcecode.c.objc; path = CommandPatternUITests.m; sourceTree = "<group>"; };
		049DFBA321E66CFC00C2546E /* Info.plist */ = {isa = PBXFileReference; lastKnownFileType = text.plist.xml; path = Info.plist; sourceTree = "<group>"; };
		049DFBB121E9CA7100C2546E /* Receiver.h */ = {isa = PBXFileReference; lastKnownFileType = sourcecode.c.h; path = Receiver.h; sourceTree = "<group>"; };
		049DFBB221E9CA7100C2546E /* Receiver.m */ = {isa = PBXFileReference; lastKnownFileType = sourcecode.c.objc; path = Receiver.m; sourceTree = "<group>"; };
		049DFBB721E9CBCF00C2546E /* CommandProtocol.h */ = {isa = PBXFileReference; lastKnownFileType = sourcecode.c.h; path = CommandProtocol.h; sourceTree = "<group>"; };
		049DFBB821E9CCE400C2546E /* ConcreteCommand.h */ = {isa = PBXFileReference; lastKnownFileType = sourcecode.c.h; path = ConcreteCommand.h; sourceTree = "<group>"; };
		049DFBB921E9CCE400C2546E /* ConcreteCommand.m */ = {isa = PBXFileReference; lastKnownFileType = sourcecode.c.objc; path = ConcreteCommand.m; sourceTree = "<group>"; };
		049DFBBB21E9CE1700C2546E /* Invoker.h */ = {isa = PBXFileReference; lastKnownFileType = sourcecode.c.h; path = Invoker.h; sourceTree = "<group>"; };
		049DFBBC21E9CE1700C2546E /* Invoker.m */ = {isa = PBXFileReference; lastKnownFileType = sourcecode.c.objc; path = Invoker.m; sourceTree = "<group>"; };
		049DFBBF21EA2F4100C2546E /* TetrisMachine.h */ = {isa = PBXFileReference; lastKnownFileType = sourcecode.c.h; path = TetrisMachine.h; sourceTree = "<group>"; };
		049DFBC021EA2F4100C2546E /* TetrisMachine.m */ = {isa = PBXFileReference; lastKnownFileType = sourcecode.c.objc; path = TetrisMachine.m; sourceTree = "<group>"; };
		049DFBC221EB9A0400C2546E /* TMCommandProtocol.h */ = {isa = PBXFileReference; lastKnownFileType = sourcecode.c.h; path = TMCommandProtocol.h; sourceTree = "<group>"; };
		049DFBC321EB9A4F00C2546E /* TetrisMachineManager.h */ = {isa = PBXFileReference; lastKnownFileType = sourcecode.c.h; path = TetrisMachineManager.h; sourceTree = "<group>"; };
		049DFBC421EB9A4F00C2546E /* TetrisMachineManager.m */ = {isa = PBXFileReference; lastKnownFileType = sourcecode.c.objc; path = TetrisMachineManager.m; sourceTree = "<group>"; };
		049DFBC621EB9A6900C2546E /* TMToLeftCommand.h */ = {isa = PBXFileReference; lastKnownFileType = sourcecode.c.h; path = TMToLeftCommand.h; sourceTree = "<group>"; };
		049DFBC721EB9A6900C2546E /* TMToLeftCommand.m */ = {isa = PBXFileReference; lastKnownFileType = sourcecode.c.objc; path = TMToLeftCommand.m; sourceTree = "<group>"; };
		049DFBC921EB9A7500C2546E /* TMToRightCommand.h */ = {isa = PBXFileReference; lastKnownFileType = sourcecode.c.h; path = TMToRightCommand.h; sourceTree = "<group>"; };
		049DFBCA21EB9A7500C2546E /* TMToRightCommand.m */ = {isa = PBXFileReference; lastKnownFileType = sourcecode.c.objc; path = TMToRightCommand.m; sourceTree = "<group>"; };
		049DFBCC21EB9A8600C2546E /* TMToTransformCommand.h */ = {isa = PBXFileReference; lastKnownFileType = sourcecode.c.h; path = TMToTransformCommand.h; sourceTree = "<group>"; };
		049DFBCD21EB9A8600C2546E /* TMToTransformCommand.m */ = {isa = PBXFileReference; lastKnownFileType = sourcecode.c.objc; path = TMToTransformCommand.m; sourceTree = "<group>"; };
		04A8276D21F0D25600999EA7 /* DynamicCommand.h */ = {isa = PBXFileReference; lastKnownFileType = sourcecode.c.h; path = DynamicCommand.h; sourceTree = "<group>"; };
		04A8276E21F0D25600999EA7 /* DynamicCommand.m */ = {isa = PBXFileReference; lastKnownFileType = sourcecode.c.objc; path = DynamicCommand.m; sourceTree = "<group>"; };
		04A8277021F0EA8C00999EA7 /* DynamicCommandManager.h */ = {isa = PBXFileReference; lastKnownFileType = sourcecode.c.h; path = DynamicCommandManager.h; sourceTree = "<group>"; };
		04A8277121F0EA8C00999EA7 /* DynamicCommandManager.m */ = {isa = PBXFileReference; lastKnownFileType = sourcecode.c.objc; path = DynamicCommandManager.m; sourceTree = "<group>"; };
		04A8277421F4DF9F00999EA7 /* GenericsCommand.h */ = {isa = PBXFileReference; lastKnownFileType = sourcecode.c.h; path = GenericsCommand.h; sourceTree = "<group>"; };
		04A8277521F4DF9F00999EA7 /* GenericsCommand.m */ = {isa = PBXFileReference; lastKnownFileType = sourcecode.c.objc; path = GenericsCommand.m; sourceTree = "<group>"; };
		04A8277721F4E1F600999EA7 /* GenericsCommandManager.h */ = {isa = PBXFileReference; lastKnownFileType = sourcecode.c.h; path = GenericsCommandManager.h; sourceTree = "<group>"; };
		04A8277821F4E1F600999EA7 /* GenericsCommandManager.m */ = {isa = PBXFileReference; lastKnownFileType = sourcecode.c.objc; path = GenericsCommandManager.m; sourceTree = "<group>"; };
		04A8277B21F62A6200999EA7 /* CompoundCommand.h */ = {isa = PBXFileReference; lastKnownFileType = sourcecode.c.h; path = CompoundCommand.h; sourceTree = "<group>"; };
		04A8277C21F62A6200999EA7 /* CompoundCommand.m */ = {isa = PBXFileReference; lastKnownFileType = sourcecode.c.objc; path = CompoundCommand.m; sourceTree = "<group>"; };
		04A8277E21F62B6400999EA7 /* CompoundCommandManager.h */ = {isa = PBXFileReference; lastKnownFileType = sourcecode.c.h; path = CompoundCommandManager.h; sourceTree = "<group>"; };
		04A8277F21F62B6400999EA7 /* CompoundCommandManager.m */ = {isa = PBXFileReference; lastKnownFileType = sourcecode.c.objc; path = CompoundCommandManager.m; sourceTree = "<group>"; };
/* End PBXFileReference section */

/* Begin PBXFrameworksBuildPhase section */
		049DFB7721E66CFB00C2546E /* Frameworks */ = {
			isa = PBXFrameworksBuildPhase;
			buildActionMask = 2147483647;
			files = (
			);
			runOnlyForDeploymentPostprocessing = 0;
		};
		049DFB8F21E66CFC00C2546E /* Frameworks */ = {
			isa = PBXFrameworksBuildPhase;
			buildActionMask = 2147483647;
			files = (
			);
			runOnlyForDeploymentPostprocessing = 0;
		};
		049DFB9A21E66CFC00C2546E /* Frameworks */ = {
			isa = PBXFrameworksBuildPhase;
			buildActionMask = 2147483647;
			files = (
			);
			runOnlyForDeploymentPostprocessing = 0;
		};
/* End PBXFrameworksBuildPhase section */

/* Begin PBXGroup section */
		0437176F21FE1B4200693ABC /* Block(闭包命令) */ = {
			isa = PBXGroup;
			children = (
				0437177021FE1B6B00693ABC /* BlockCommandManager.h */,
				0437177121FE1B6B00693ABC /* BlockCommandManager.m */,
			);
			path = "Block(闭包命令)";
			sourceTree = "<group>";
		};
		0437177321FE1BAA00693ABC /* QueueCommand(多线程并发处理) */ = {
			isa = PBXGroup;
			children = (
				0437177421FE1BF900693ABC /* QueueCommandManager.h */,
				0437177521FE1BF900693ABC /* QueueCommandManager.m */,
			);
			path = "QueueCommand(多线程并发处理)";
			sourceTree = "<group>";
		};
		049DFB7121E66CFB00C2546E = {
			isa = PBXGroup;
			children = (
				049DFB7C21E66CFB00C2546E /* CommandPattern */,
				049DFB9521E66CFC00C2546E /* CommandPatternTests */,
				049DFBA021E66CFC00C2546E /* CommandPatternUITests */,
				049DFB7B21E66CFB00C2546E /* Products */,
			);
			sourceTree = "<group>";
		};
		049DFB7B21E66CFB00C2546E /* Products */ = {
			isa = PBXGroup;
			children = (
				049DFB7A21E66CFB00C2546E /* CommandPattern.app */,
				049DFB9221E66CFC00C2546E /* CommandPatternTests.xctest */,
				049DFB9D21E66CFC00C2546E /* CommandPatternUITests.xctest */,
			);
			name = Products;
			sourceTree = "<group>";
		};
		049DFB7C21E66CFB00C2546E /* CommandPattern */ = {
			isa = PBXGroup;
			children = (
				0437176F21FE1B4200693ABC /* Block(闭包命令) */,
				0437177321FE1BAA00693ABC /* QueueCommand(多线程并发处理) */,
				04A8277A21F62A3200999EA7 /* Compound(复合命令) */,
				04A8277321F4DF8400999EA7 /* Generics(泛型命令) */,
				04A8276B21F0D21400999EA7 /* Dynamic(动态命令) */,
				049DFBBE21EA2E8C00C2546E /* TetrisMachine(俄罗斯方块案例) */,
				049DFBB021E9C9B700C2546E /* Command(命令模式原理案例) */,
				049DFB7D21E66CFB00C2546E /* AppDelegate.h */,
				049DFB7E21E66CFB00C2546E /* AppDelegate.m */,
				049DFB8021E66CFB00C2546E /* ViewController.h */,
				049DFB8121E66CFB00C2546E /* ViewController.m */,
				049DFB8321E66CFB00C2546E /* Main.storyboard */,
				049DFB8621E66CFC00C2546E /* Assets.xcassets */,
				049DFB8821E66CFC00C2546E /* LaunchScreen.storyboard */,
				049DFB8B21E66CFC00C2546E /* Info.plist */,
				049DFB8C21E66CFC00C2546E /* main.m */,
			);
			path = CommandPattern;
			sourceTree = "<group>";
		};
		049DFB9521E66CFC00C2546E /* CommandPatternTests */ = {
			isa = PBXGroup;
			children = (
				049DFB9621E66CFC00C2546E /* CommandPatternTests.m */,
				049DFB9821E66CFC00C2546E /* Info.plist */,
			);
			path = CommandPatternTests;
			sourceTree = "<group>";
		};
		049DFBA021E66CFC00C2546E /* CommandPatternUITests */ = {
			isa = PBXGroup;
			children = (
				049DFBA121E66CFC00C2546E /* CommandPatternUITests.m */,
				049DFBA321E66CFC00C2546E /* Info.plist */,
			);
			path = CommandPatternUITests;
			sourceTree = "<group>";
		};
		049DFBB021E9C9B700C2546E /* Command(命令模式原理案例) */ = {
			isa = PBXGroup;
			children = (
				049DFBB721E9CBCF00C2546E /* CommandProtocol.h */,
				049DFBB121E9CA7100C2546E /* Receiver.h */,
				049DFBB221E9CA7100C2546E /* Receiver.m */,
				049DFBB821E9CCE400C2546E /* ConcreteCommand.h */,
				049DFBB921E9CCE400C2546E /* ConcreteCommand.m */,
				049DFBBB21E9CE1700C2546E /* Invoker.h */,
				049DFBBC21E9CE1700C2546E /* Invoker.m */,
			);
			path = "Command(命令模式原理案例)";
			sourceTree = "<group>";
		};
		049DFBBE21EA2E8C00C2546E /* TetrisMachine(俄罗斯方块案例) */ = {
			isa = PBXGroup;
			children = (
				049DFBC221EB9A0400C2546E /* TMCommandProtocol.h */,
				049DFBBF21EA2F4100C2546E /* TetrisMachine.h */,
				049DFBC021EA2F4100C2546E /* TetrisMachine.m */,
				049DFBC321EB9A4F00C2546E /* TetrisMachineManager.h */,
				049DFBC421EB9A4F00C2546E /* TetrisMachineManager.m */,
				049DFBC621EB9A6900C2546E /* TMToLeftCommand.h */,
				049DFBC721EB9A6900C2546E /* TMToLeftCommand.m */,
				049DFBC921EB9A7500C2546E /* TMToRightCommand.h */,
				049DFBCA21EB9A7500C2546E /* TMToRightCommand.m */,
				049DFBCC21EB9A8600C2546E /* TMToTransformCommand.h */,
				049DFBCD21EB9A8600C2546E /* TMToTransformCommand.m */,
			);
			path = "TetrisMachine(俄罗斯方块案例)";
			sourceTree = "<group>";
		};
		04A8276B21F0D21400999EA7 /* Dynamic(动态命令) */ = {
			isa = PBXGroup;
			children = (
				04A8276D21F0D25600999EA7 /* DynamicCommand.h */,
				04A8276E21F0D25600999EA7 /* DynamicCommand.m */,
				04A8277021F0EA8C00999EA7 /* DynamicCommandManager.h */,
				04A8277121F0EA8C00999EA7 /* DynamicCommandManager.m */,
			);
			path = "Dynamic(动态命令)";
			sourceTree = "<group>";
		};
		04A8277321F4DF8400999EA7 /* Generics(泛型命令) */ = {
			isa = PBXGroup;
			children = (
				04A8277421F4DF9F00999EA7 /* GenericsCommand.h */,
				04A8277521F4DF9F00999EA7 /* GenericsCommand.m */,
				04A8277721F4E1F600999EA7 /* GenericsCommandManager.h */,
				04A8277821F4E1F600999EA7 /* GenericsCommandManager.m */,
			);
			path = "Generics(泛型命令)";
			sourceTree = "<group>";
		};
		04A8277A21F62A3200999EA7 /* Compound(复合命令) */ = {
			isa = PBXGroup;
			children = (
				04A8277B21F62A6200999EA7 /* CompoundCommand.h */,
				04A8277C21F62A6200999EA7 /* CompoundCommand.m */,
				04A8277E21F62B6400999EA7 /* CompoundCommandManager.h */,
				04A8277F21F62B6400999EA7 /* CompoundCommandManager.m */,
			);
			path = "Compound(复合命令)";
			sourceTree = "<group>";
		};
/* End PBXGroup section */

/* Begin PBXNativeTarget section */
		049DFB7921E66CFB00C2546E /* CommandPattern */ = {
			isa = PBXNativeTarget;
			buildConfigurationList = 049DFBA621E66CFC00C2546E /* Build configuration list for PBXNativeTarget "CommandPattern" */;
			buildPhases = (
				049DFB7621E66CFB00C2546E /* Sources */,
				049DFB7721E66CFB00C2546E /* Frameworks */,
				049DFB7821E66CFB00C2546E /* Resources */,
			);
			buildRules = (
			);
			dependencies = (
			);
			name = CommandPattern;
			productName = CommandPattern;
			productReference = 049DFB7A21E66CFB00C2546E /* CommandPattern.app */;
			productType = "com.apple.product-type.application";
		};
		049DFB9121E66CFC00C2546E /* CommandPatternTests */ = {
			isa = PBXNativeTarget;
			buildConfigurationList = 049DFBA921E66CFC00C2546E /* Build configuration list for PBXNativeTarget "CommandPatternTests" */;
			buildPhases = (
				049DFB8E21E66CFC00C2546E /* Sources */,
				049DFB8F21E66CFC00C2546E /* Frameworks */,
				049DFB9021E66CFC00C2546E /* Resources */,
			);
			buildRules = (
			);
			dependencies = (
				049DFB9421E66CFC00C2546E /* PBXTargetDependency */,
			);
			name = CommandPatternTests;
			productName = CommandPatternTests;
			productReference = 049DFB9221E66CFC00C2546E /* CommandPatternTests.xctest */;
			productType = "com.apple.product-type.bundle.unit-test";
		};
		049DFB9C21E66CFC00C2546E /* CommandPatternUITests */ = {
			isa = PBXNativeTarget;
			buildConfigurationList = 049DFBAC21E66CFC00C2546E /* Build configuration list for PBXNativeTarget "CommandPatternUITests" */;
			buildPhases = (
				049DFB9921E66CFC00C2546E /* Sources */,
				049DFB9A21E66CFC00C2546E /* Frameworks */,
				049DFB9B21E66CFC00C2546E /* Resources */,
			);
			buildRules = (
			);
			dependencies = (
				049DFB9F21E66CFC00C2546E /* PBXTargetDependency */,
			);
			name = CommandPatternUITests;
			productName = CommandPatternUITests;
			productReference = 049DFB9D21E66CFC00C2546E /* CommandPatternUITests.xctest */;
			productType = "com.apple.product-type.bundle.ui-testing";
		};
/* End PBXNativeTarget section */

/* Begin PBXProject section */
		049DFB7221E66CFB00C2546E /* Project object */ = {
			isa = PBXProject;
			attributes = {
				LastUpgradeCheck = 1010;
				ORGANIZATIONNAME = "邓志坚";
				TargetAttributes = {
					049DFB7921E66CFB00C2546E = {
						CreatedOnToolsVersion = 10.1;
					};
					049DFB9121E66CFC00C2546E = {
						CreatedOnToolsVersion = 10.1;
						TestTargetID = 049DFB7921E66CFB00C2546E;
					};
					049DFB9C21E66CFC00C2546E = {
						CreatedOnToolsVersion = 10.1;
						TestTargetID = 049DFB7921E66CFB00C2546E;
					};
				};
			};
			buildConfigurationList = 049DFB7521E66CFB00C2546E /* Build configuration list for PBXProject "CommandPattern" */;
			compatibilityVersion = "Xcode 9.3";
			developmentRegion = en;
			hasScannedForEncodings = 0;
			knownRegions = (
				en,
				Base,
			);
			mainGroup = 049DFB7121E66CFB00C2546E;
			productRefGroup = 049DFB7B21E66CFB00C2546E /* Products */;
			projectDirPath = "";
			projectRoot = "";
			targets = (
				049DFB7921E66CFB00C2546E /* CommandPattern */,
				049DFB9121E66CFC00C2546E /* CommandPatternTests */,
				049DFB9C21E66CFC00C2546E /* CommandPatternUITests */,
			);
		};
/* End PBXProject section */

/* Begin PBXResourcesBuildPhase section */
		049DFB7821E66CFB00C2546E /* Resources */ = {
			isa = PBXResourcesBuildPhase;
			buildActionMask = 2147483647;
			files = (
				049DFB8A21E66CFC00C2546E /* LaunchScreen.storyboard in Resources */,
				049DFB8721E66CFC00C2546E /* Assets.xcassets in Resources */,
				049DFB8521E66CFB00C2546E /* Main.storyboard in Resources */,
			);
			runOnlyForDeploymentPostprocessing = 0;
		};
		049DFB9021E66CFC00C2546E /* Resources */ = {
			isa = PBXResourcesBuildPhase;
			buildActionMask = 2147483647;
			files = (
			);
			runOnlyForDeploymentPostprocessing = 0;
		};
		049DFB9B21E66CFC00C2546E /* Resources */ = {
			isa = PBXResourcesBuildPhase;
			buildActionMask = 2147483647;
			files = (
			);
			runOnlyForDeploymentPostprocessing = 0;
		};
/* End PBXResourcesBuildPhase section */

/* Begin PBXSourcesBuildPhase section */
		049DFB7621E66CFB00C2546E /* Sources */ = {
			isa = PBXSourcesBuildPhase;
			buildActionMask = 2147483647;
			files = (
				04A8277D21F62A6200999EA7 /* CompoundCommand.m in Sources */,
				049DFBBD21E9CE1700C2546E /* Invoker.m in Sources */,
				0437177621FE1BF900693ABC /* QueueCommandManager.m in Sources */,
				049DFBC121EA2F4100C2546E /* TetrisMachine.m in Sources */,
				04A8278021F62B6400999EA7 /* CompoundCommandManager.m in Sources */,
				049DFBCE21EB9A8600C2546E /* TMToTransformCommand.m in Sources */,
				04A8276F21F0D25600999EA7 /* DynamicCommand.m in Sources */,
				04A8277921F4E1F600999EA7 /* GenericsCommandManager.m in Sources */,
				049DFB8221E66CFB00C2546E /* ViewController.m in Sources */,
				049DFB8D21E66CFC00C2546E /* main.m in Sources */,
				049DFBC821EB9A6900C2546E /* TMToLeftCommand.m in Sources */,
				049DFBC521EB9A4F00C2546E /* TetrisMachineManager.m in Sources */,
				0437177221FE1B6B00693ABC /* BlockCommandManager.m in Sources */,
				049DFBCB21EB9A7500C2546E /* TMToRightCommand.m in Sources */,
				049DFBB321E9CA7100C2546E /* Receiver.m in Sources */,
				049DFBBA21E9CCE400C2546E /* ConcreteCommand.m in Sources */,
				04A8277221F0EA8C00999EA7 /* DynamicCommandManager.m in Sources */,
				049DFB7F21E66CFB00C2546E /* AppDelegate.m in Sources */,
				04A8277621F4DF9F00999EA7 /* GenericsCommand.m in Sources */,
			);
			runOnlyForDeploymentPostprocessing = 0;
		};
		049DFB8E21E66CFC00C2546E /* Sources */ = {
			isa = PBXSourcesBuildPhase;
			buildActionMask = 2147483647;
			files = (
				049DFB9721E66CFC00C2546E /* CommandPatternTests.m in Sources */,
			);
			runOnlyForDeploymentPostprocessing = 0;
		};
		049DFB9921E66CFC00C2546E /* Sources */ = {
			isa = PBXSourcesBuildPhase;
			buildActionMask = 2147483647;
			files = (
				049DFBA221E66CFC00C2546E /* CommandPatternUITests.m in Sources */,
			);
			runOnlyForDeploymentPostprocessing = 0;
		};
/* End PBXSourcesBuildPhase section */

/* Begin PBXTargetDependency section */
		049DFB9421E66CFC00C2546E /* PBXTargetDependency */ = {
			isa = PBXTargetDependency;
			target = 049DFB7921E66CFB00C2546E /* CommandPattern */;
			targetProxy = 049DFB9321E66CFC00C2546E /* PBXContainerItemProxy */;
		};
		049DFB9F21E66CFC00C2546E /* PBXTargetDependency */ = {
			isa = PBXTargetDependency;
			target = 049DFB7921E66CFB00C2546E /* CommandPattern */;
			targetProxy = 049DFB9E21E66CFC00C2546E /* PBXContainerItemProxy */;
		};
/* End PBXTargetDependency section */

/* Begin PBXVariantGroup section */
		049DFB8321E66CFB00C2546E /* Main.storyboard */ = {
			isa = PBXVariantGroup;
			children = (
				049DFB8421E66CFB00C2546E /* Base */,
			);
			name = Main.storyboard;
			sourceTree = "<group>";
		};
		049DFB8821E66CFC00C2546E /* LaunchScreen.storyboard */ = {
			isa = PBXVariantGroup;
			children = (
				049DFB8921E66CFC00C2546E /* Base */,
			);
			name = LaunchScreen.storyboard;
			sourceTree = "<group>";
		};
/* End PBXVariantGroup section */

/* Begin XCBuildConfiguration section */
		049DFBA421E66CFC00C2546E /* Debug */ = {
			isa = XCBuildConfiguration;
			buildSettings = {
				ALWAYS_SEARCH_USER_PATHS = NO;
				CLANG_ANALYZER_NONNULL = YES;
				CLANG_ANALYZER_NUMBER_OBJECT_CONVERSION = YES_AGGRESSIVE;
				CLANG_CXX_LANGUAGE_STANDARD = "gnu++14";
				CLANG_CXX_LIBRARY = "libc++";
				CLANG_ENABLE_MODULES = YES;
				CLANG_ENABLE_OBJC_ARC = YES;
				CLANG_ENABLE_OBJC_WEAK = YES;
				CLANG_WARN_BLOCK_CAPTURE_AUTORELEASING = YES;
				CLANG_WARN_BOOL_CONVERSION = YES;
				CLANG_WARN_COMMA = YES;
				CLANG_WARN_CONSTANT_CONVERSION = YES;
				CLANG_WARN_DEPRECATED_OBJC_IMPLEMENTATIONS = YES;
				CLANG_WARN_DIRECT_OBJC_ISA_USAGE = YES_ERROR;
				CLANG_WARN_DOCUMENTATION_COMMENTS = YES;
				CLANG_WARN_EMPTY_BODY = YES;
				CLANG_WARN_ENUM_CONVERSION = YES;
				CLANG_WARN_INFINITE_RECURSION = YES;
				CLANG_WARN_INT_CONVERSION = YES;
				CLANG_WARN_NON_LITERAL_NULL_CONVERSION = YES;
				CLANG_WARN_OBJC_IMPLICIT_RETAIN_SELF = YES;
				CLANG_WARN_OBJC_LITERAL_CONVERSION = YES;
				CLANG_WARN_OBJC_ROOT_CLASS = YES_ERROR;
				CLANG_WARN_RANGE_LOOP_ANALYSIS = YES;
				CLANG_WARN_STRICT_PROTOTYPES = YES;
				CLANG_WARN_SUSPICIOUS_MOVE = YES;
				CLANG_WARN_UNGUARDED_AVAILABILITY = YES_AGGRESSIVE;
				CLANG_WARN_UNREACHABLE_CODE = YES;
				CLANG_WARN__DUPLICATE_METHOD_MATCH = YES;
				CODE_SIGN_IDENTITY = "iPhone Developer";
				COPY_PHASE_STRIP = NO;
				DEBUG_INFORMATION_FORMAT = dwarf;
				ENABLE_STRICT_OBJC_MSGSEND = YES;
				ENABLE_TESTABILITY = YES;
				GCC_C_LANGUAGE_STANDARD = gnu11;
				GCC_DYNAMIC_NO_PIC = NO;
				GCC_NO_COMMON_BLOCKS = YES;
				GCC_OPTIMIZATION_LEVEL = 0;
				GCC_PREPROCESSOR_DEFINITIONS = (
					"DEBUG=1",
					"$(inherited)",
				);
				GCC_WARN_64_TO_32_BIT_CONVERSION = YES;
				GCC_WARN_ABOUT_RETURN_TYPE = YES_ERROR;
				GCC_WARN_UNDECLARED_SELECTOR = YES;
				GCC_WARN_UNINITIALIZED_AUTOS = YES_AGGRESSIVE;
				GCC_WARN_UNUSED_FUNCTION = YES;
				GCC_WARN_UNUSED_VARIABLE = YES;
				IPHONEOS_DEPLOYMENT_TARGET = 12.1;
				MTL_ENABLE_DEBUG_INFO = INCLUDE_SOURCE;
				MTL_FAST_MATH = YES;
				ONLY_ACTIVE_ARCH = YES;
				SDKROOT = iphoneos;
			};
			name = Debug;
		};
		049DFBA521E66CFC00C2546E /* Release */ = {
			isa = XCBuildConfiguration;
			buildSettings = {
				ALWAYS_SEARCH_USER_PATHS = NO;
				CLANG_ANALYZER_NONNULL = YES;
				CLANG_ANALYZER_NUMBER_OBJECT_CONVERSION = YES_AGGRESSIVE;
				CLANG_CXX_LANGUAGE_STANDARD = "gnu++14";
				CLANG_CXX_LIBRARY = "libc++";
				CLANG_ENABLE_MODULES = YES;
				CLANG_ENABLE_OBJC_ARC = YES;
				CLANG_ENABLE_OBJC_WEAK = YES;
				CLANG_WARN_BLOCK_CAPTURE_AUTORELEASING = YES;
				CLANG_WARN_BOOL_CONVERSION = YES;
				CLANG_WARN_COMMA = YES;
				CLANG_WARN_CONSTANT_CONVERSION = YES;
				CLANG_WARN_DEPRECATED_OBJC_IMPLEMENTATIONS = YES;
				CLANG_WARN_DIRECT_OBJC_ISA_USAGE = YES_ERROR;
				CLANG_WARN_DOCUMENTATION_COMMENTS = YES;
				CLANG_WARN_EMPTY_BODY = YES;
				CLANG_WARN_ENUM_CONVERSION = YES;
				CLANG_WARN_INFINITE_RECURSION = YES;
				CLANG_WARN_INT_CONVERSION = YES;
				CLANG_WARN_NON_LITERAL_NULL_CONVERSION = YES;
				CLANG_WARN_OBJC_IMPLICIT_RETAIN_SELF = YES;
				CLANG_WARN_OBJC_LITERAL_CONVERSION = YES;
				CLANG_WARN_OBJC_ROOT_CLASS = YES_ERROR;
				CLANG_WARN_RANGE_LOOP_ANALYSIS = YES;
				CLANG_WARN_STRICT_PROTOTYPES = YES;
				CLANG_WARN_SUSPICIOUS_MOVE = YES;
				CLANG_WARN_UNGUARDED_AVAILABILITY = YES_AGGRESSIVE;
				CLANG_WARN_UNREACHABLE_CODE = YES;
				CLANG_WARN__DUPLICATE_METHOD_MATCH = YES;
				CODE_SIGN_IDENTITY = "iPhone Developer";
				COPY_PHASE_STRIP = NO;
				DEBUG_INFORMATION_FORMAT = "dwarf-with-dsym";
				ENABLE_NS_ASSERTIONS = NO;
				ENABLE_STRICT_OBJC_MSGSEND = YES;
				GCC_C_LANGUAGE_STANDARD = gnu11;
				GCC_NO_COMMON_BLOCKS = YES;
				GCC_WARN_64_TO_32_BIT_CONVERSION = YES;
				GCC_WARN_ABOUT_RETURN_TYPE = YES_ERROR;
				GCC_WARN_UNDECLARED_SELECTOR = YES;
				GCC_WARN_UNINITIALIZED_AUTOS = YES_AGGRESSIVE;
				GCC_WARN_UNUSED_FUNCTION = YES;
				GCC_WARN_UNUSED_VARIABLE = YES;
				IPHONEOS_DEPLOYMENT_TARGET = 12.1;
				MTL_ENABLE_DEBUG_INFO = NO;
				MTL_FAST_MATH = YES;
				SDKROOT = iphoneos;
				VALIDATE_PRODUCT = YES;
			};
			name = Release;
		};
		049DFBA721E66CFC00C2546E /* Debug */ = {
			isa = XCBuildConfiguration;
			buildSettings = {
				ASSETCATALOG_COMPILER_APPICON_NAME = AppIcon;
				CODE_SIGN_STYLE = Automatic;
				DEVELOPMENT_TEAM = R65337KS8W;
				INFOPLIST_FILE = CommandPattern/Info.plist;
				LD_RUNPATH_SEARCH_PATHS = (
					"$(inherited)",
					"@executable_path/Frameworks",
				);
				PRODUCT_BUNDLE_IDENTIFIER = James.CommandPattern;
				PRODUCT_NAME = "$(TARGET_NAME)";
				TARGETED_DEVICE_FAMILY = "1,2";
			};
			name = Debug;
		};
		049DFBA821E66CFC00C2546E /* Release */ = {
			isa = XCBuildConfiguration;
			buildSettings = {
				ASSETCATALOG_COMPILER_APPICON_NAME = AppIcon;
				CODE_SIGN_STYLE = Automatic;
				DEVELOPMENT_TEAM = R65337KS8W;
				INFOPLIST_FILE = CommandPattern/Info.plist;
				LD_RUNPATH_SEARCH_PATHS = (
					"$(inherited)",
					"@executable_path/Frameworks",
				);
				PRODUCT_BUNDLE_IDENTIFIER = James.CommandPattern;
				PRODUCT_NAME = "$(TARGET_NAME)";
				TARGETED_DEVICE_FAMILY = "1,2";
			};
			name = Release;
		};
		049DFBAA21E66CFC00C2546E /* Debug */ = {
			isa = XCBuildConfiguration;
			buildSettings = {
				BUNDLE_LOADER = "$(TEST_HOST)";
				CODE_SIGN_STYLE = Automatic;
				DEVELOPMENT_TEAM = R65337KS8W;
				INFOPLIST_FILE = CommandPatternTests/Info.plist;
				LD_RUNPATH_SEARCH_PATHS = (
					"$(inherited)",
					"@executable_path/Frameworks",
					"@loader_path/Frameworks",
				);
				PRODUCT_BUNDLE_IDENTIFIER = James.CommandPatternTests;
				PRODUCT_NAME = "$(TARGET_NAME)";
				TARGETED_DEVICE_FAMILY = "1,2";
				TEST_HOST = "$(BUILT_PRODUCTS_DIR)/CommandPattern.app/CommandPattern";
			};
			name = Debug;
		};
		049DFBAB21E66CFC00C2546E /* Release */ = {
			isa = XCBuildConfiguration;
			buildSettings = {
				BUNDLE_LOADER = "$(TEST_HOST)";
				CODE_SIGN_STYLE = Automatic;
				DEVELOPMENT_TEAM = R65337KS8W;
				INFOPLIST_FILE = CommandPatternTests/Info.plist;
				LD_RUNPATH_SEARCH_PATHS = (
					"$(inherited)",
					"@executable_path/Frameworks",
					"@loader_path/Frameworks",
				);
				PRODUCT_BUNDLE_IDENTIFIER = James.CommandPatternTests;
				PRODUCT_NAME = "$(TARGET_NAME)";
				TARGETED_DEVICE_FAMILY = "1,2";
				TEST_HOST = "$(BUILT_PRODUCTS_DIR)/CommandPattern.app/CommandPattern";
			};
			name = Release;
		};
		049DFBAD21E66CFC00C2546E /* Debug */ = {
			isa = XCBuildConfiguration;
			buildSettings = {
				CODE_SIGN_STYLE = Automatic;
				DEVELOPMENT_TEAM = R65337KS8W;
				INFOPLIST_FILE = CommandPatternUITests/Info.plist;
				LD_RUNPATH_SEARCH_PATHS = (
					"$(inherited)",
					"@executable_path/Frameworks",
					"@loader_path/Frameworks",
				);
				PRODUCT_BUNDLE_IDENTIFIER = James.CommandPatternUITests;
				PRODUCT_NAME = "$(TARGET_NAME)";
				TARGETED_DEVICE_FAMILY = "1,2";
				TEST_TARGET_NAME = CommandPattern;
			};
			name = Debug;
		};
		049DFBAE21E66CFC00C2546E /* Release */ = {
			isa = XCBuildConfiguration;
			buildSettings = {
				CODE_SIGN_STYLE = Automatic;
				DEVELOPMENT_TEAM = R65337KS8W;
				INFOPLIST_FILE = CommandPatternUITests/Info.plist;
				LD_RUNPATH_SEARCH_PATHS = (
					"$(inherited)",
					"@executable_path/Frameworks",
					"@loader_path/Frameworks",
				);
				PRODUCT_BUNDLE_IDENTIFIER = James.CommandPatternUITests;
				PRODUCT_NAME = "$(TARGET_NAME)";
				TARGETED_DEVICE_FAMILY = "1,2";
				TEST_TARGET_NAME = CommandPattern;
			};
			name = Release;
		};
/* End XCBuildConfiguration section */

/* Begin XCConfigurationList section */
		049DFB7521E66CFB00C2546E /* Build configuration list for PBXProject "CommandPattern" */ = {
			isa = XCConfigurationList;
			buildConfigurations = (
				049DFBA421E66CFC00C2546E /* Debug */,
				049DFBA521E66CFC00C2546E /* Release */,
			);
			defaultConfigurationIsVisible = 0;
			defaultConfigurationName = Release;
		};
		049DFBA621E66CFC00C2546E /* Build configuration list for PBXNativeTarget "CommandPattern" */ = {
			isa = XCConfigurationList;
			buildConfigurations = (
				049DFBA721E66CFC00C2546E /* Debug */,
				049DFBA821E66CFC00C2546E /* Release */,
			);
			defaultConfigurationIsVisible = 0;
			defaultConfigurationName = Release;
		};
		049DFBA921E66CFC00C2546E /* Build configuration list for PBXNativeTarget "CommandPatternTests" */ = {
			isa = XCConfigurationList;
			buildConfigurations = (
				049DFBAA21E66CFC00C2546E /* Debug */,
				049DFBAB21E66CFC00C2546E /* Release */,
			);
			defaultConfigurationIsVisible = 0;
			defaultConfigurationName = Release;
		};
		049DFBAC21E66CFC00C2546E /* Build configuration list for PBXNativeTarget "CommandPatternUITests" */ = {
			isa = XCConfigurationList;
			buildConfigurations = (
				049DFBAD21E66CFC00C2546E /* Debug */,
				049DFBAE21E66CFC00C2546E /* Release */,
			);
			defaultConfigurationIsVisible = 0;
			defaultConfigurationName = Release;
		};
/* End XCConfigurationList section */
	};
	rootObject = 049DFB7221E66CFB00C2546E /* Project object */;
}
